
Microsoft Visual Studio Solution File, Format Version 12.00
# Visual Studio 2012
Project("{FAE04EC0-301F-11D3-BF4B-00C04F79EFBC}") = "Chessharp", "Chessharp\Chessharp.csproj", "{A6586429-EB9E-4B22-B781-A42E11F5BEB5}"
EndProject
Global
	GlobalSection(SolutionConfigurationPlatforms) = preSolution
		Debug|Any CPU = Debug|Any CPU
		Release|Any CPU = Release|Any CPU
	EndGlobalSection
	GlobalSection(ProjectConfigurationPlatforms) = postSolution
		{A6586429-EB9E-4B22-B781-A42E11F5BEB5}.Debug|Any CPU.ActiveCfg = Debug|Any CPU
		{A6586429-EB9E-4B22-B781-A42E11F5BEB5}.Debug|Any CPU.Build.0 = Debug|Any CPU
		{A6586429-EB9E-4B22-B781-A42E11F5BEB5}.Release|Any CPU.ActiveCfg = Release|Any CPU
		{A6586429-EB9E-4B22-B781-A42E11F5BEB5}.Release|Any CPU.Build.0 = Release|Any CPU
	EndGlobalSection
EndGlobal
